
Microsoft Visual Studio Solution File, Format Version 12.00
# Visual Studio Version 17
VisualStudioVersion = 17.7.34221.43
MinimumVisualStudioVersion = 10.0.40219.1
Project("{FAE04EC0-301F-11D3-BF4B-00C04F79EFBC}") = "exercicio44", "exercicio44\exercicio44.csproj", "{10E0F0CD-30FE-422A-8176-259D85F90D24}"
EndProject
Global
	GlobalSection(SolutionConfigurationPlatforms) = preSolution
		Debug|Any CPU = Debug|Any CPU
		Release|Any CPU = Release|Any CPU
	EndGlobalSection
	GlobalSection(ProjectConfigurationPlatforms) = postSolution
		{10E0F0CD-30FE-422A-8176-259D85F90D24}.Debug|Any CPU.ActiveCfg = Debug|Any CPU
		{10E0F0CD-30FE-422A-8176-259D85F90D24}.Debug|Any CPU.Build.0 = Debug|Any CPU
		{10E0F0CD-30FE-422A-8176-259D85F90D24}.Release|Any CPU.ActiveCfg = Release|Any CPU
		{10E0F0CD-30FE-422A-8176-259D85F90D24}.Release|Any CPU.Build.0 = Release|Any CPU
	EndGlobalSection
	GlobalSection(SolutionProperties) = preSolution
		HideSolutionNode = FALSE
	EndGlobalSection
	GlobalSection(ExtensibilityGlobals) = postSolution
		SolutionGuid = {A2FF3E0B-7FDA-4994-9B33-23D0EF847D28}
	EndGlobalSection
EndGlobal
