
Microsoft Visual Studio Solution File, Format Version 12.00
# Visual Studio Version 17
VisualStudioVersion = 17.7.34031.279
MinimumVisualStudioVersion = 10.0.40219.1
Project("{FAE04EC0-301F-11D3-BF4B-00C04F79EFBC}") = "poli", "poli\poli.csproj", "{855A299A-59D4-44F4-ADA3-71AB1D8F49EB}"
EndProject
Project("{FAE04EC0-301F-11D3-BF4B-00C04F79EFBC}") = "ConsoleApp3", "..\ConsoleApp3\ConsoleApp3.csproj", "{AE7E6814-8ABA-480A-9030-C5C8315F3529}"
EndProject
Global
	GlobalSection(SolutionConfigurationPlatforms) = preSolution
		Debug|Any CPU = Debug|Any CPU
		Release|Any CPU = Release|Any CPU
	EndGlobalSection
	GlobalSection(ProjectConfigurationPlatforms) = postSolution
		{855A299A-59D4-44F4-ADA3-71AB1D8F49EB}.Debug|Any CPU.ActiveCfg = Debug|Any CPU
		{855A299A-59D4-44F4-ADA3-71AB1D8F49EB}.Debug|Any CPU.Build.0 = Debug|Any CPU
		{855A299A-59D4-44F4-ADA3-71AB1D8F49EB}.Release|Any CPU.ActiveCfg = Release|Any CPU
		{855A299A-59D4-44F4-ADA3-71AB1D8F49EB}.Release|Any CPU.Build.0 = Release|Any CPU
		{AE7E6814-8ABA-480A-9030-C5C8315F3529}.Debug|Any CPU.ActiveCfg = Debug|Any CPU
		{AE7E6814-8ABA-480A-9030-C5C8315F3529}.Debug|Any CPU.Build.0 = Debug|Any CPU
		{AE7E6814-8ABA-480A-9030-C5C8315F3529}.Release|Any CPU.ActiveCfg = Release|Any CPU
		{AE7E6814-8ABA-480A-9030-C5C8315F3529}.Release|Any CPU.Build.0 = Release|Any CPU
	EndGlobalSection
	GlobalSection(SolutionProperties) = preSolution
		HideSolutionNode = FALSE
	EndGlobalSection
	GlobalSection(ExtensibilityGlobals) = postSolution
		SolutionGuid = {F20FB31C-DDE4-4D6D-B5C3-3938551DEBC3}
	EndGlobalSection
EndGlobal
