
Microsoft Visual Studio Solution File, Format Version 12.00
# Visual Studio Version 17
VisualStudioVersion = 17.7.34031.279
MinimumVisualStudioVersion = 10.0.40219.1
Project("{FAE04EC0-301F-11D3-BF4B-00C04F79EFBC}") = "IntroductionCSharp", "IntroductionCSharp\IntroductionCSharp.csproj", "{D6427188-B4FA-4703-A197-E5C4DCF30D4F}"
EndProject
Global
	GlobalSection(SolutionConfigurationPlatforms) = preSolution
		Debug|Any CPU = Debug|Any CPU
		Release|Any CPU = Release|Any CPU
	EndGlobalSection
	GlobalSection(ProjectConfigurationPlatforms) = postSolution
		{D6427188-B4FA-4703-A197-E5C4DCF30D4F}.Debug|Any CPU.ActiveCfg = Debug|Any CPU
		{D6427188-B4FA-4703-A197-E5C4DCF30D4F}.Debug|Any CPU.Build.0 = Debug|Any CPU
		{D6427188-B4FA-4703-A197-E5C4DCF30D4F}.Release|Any CPU.ActiveCfg = Release|Any CPU
		{D6427188-B4FA-4703-A197-E5C4DCF30D4F}.Release|Any CPU.Build.0 = Release|Any CPU
	EndGlobalSection
	GlobalSection(SolutionProperties) = preSolution
		HideSolutionNode = FALSE
	EndGlobalSection
	GlobalSection(ExtensibilityGlobals) = postSolution
		SolutionGuid = {51DF6949-9177-4B91-BFC1-A1D33C72E7F8}
	EndGlobalSection
EndGlobal
