
Microsoft Visual Studio Solution File, Format Version 12.00
# Visual Studio Version 17
VisualStudioVersion = 17.7.34221.43
MinimumVisualStudioVersion = 10.0.40219.1
Project("{FAE04EC0-301F-11D3-BF4B-00C04F79EFBC}") = "1exemplodecamadas", "1exemplodecamadas\1exemplodecamadas.csproj", "{B877BD3E-C331-466F-96C0-CB18A151314A}"
EndProject
Project("{FAE04EC0-301F-11D3-BF4B-00C04F79EFBC}") = "2exemplodecamadas", "2exemplodecamadas\2exemplodecamadas.csproj", "{6A594F63-CB6E-47E8-AD91-A995DB8279D4}"
EndProject
Project("{FAE04EC0-301F-11D3-BF4B-00C04F79EFBC}") = "mvc", "mvc\mvc.csproj", "{7EBC7DF1-8425-4824-A16A-042E6A96D1E3}"
EndProject
Global
	GlobalSection(SolutionConfigurationPlatforms) = preSolution
		Debug|Any CPU = Debug|Any CPU
		Release|Any CPU = Release|Any CPU
	EndGlobalSection
	GlobalSection(ProjectConfigurationPlatforms) = postSolution
		{B877BD3E-C331-466F-96C0-CB18A151314A}.Debug|Any CPU.ActiveCfg = Debug|Any CPU
		{B877BD3E-C331-466F-96C0-CB18A151314A}.Debug|Any CPU.Build.0 = Debug|Any CPU
		{B877BD3E-C331-466F-96C0-CB18A151314A}.Release|Any CPU.ActiveCfg = Release|Any CPU
		{B877BD3E-C331-466F-96C0-CB18A151314A}.Release|Any CPU.Build.0 = Release|Any CPU
		{6A594F63-CB6E-47E8-AD91-A995DB8279D4}.Debug|Any CPU.ActiveCfg = Debug|Any CPU
		{6A594F63-CB6E-47E8-AD91-A995DB8279D4}.Debug|Any CPU.Build.0 = Debug|Any CPU
		{6A594F63-CB6E-47E8-AD91-A995DB8279D4}.Release|Any CPU.ActiveCfg = Release|Any CPU
		{6A594F63-CB6E-47E8-AD91-A995DB8279D4}.Release|Any CPU.Build.0 = Release|Any CPU
		{7EBC7DF1-8425-4824-A16A-042E6A96D1E3}.Debug|Any CPU.ActiveCfg = Debug|Any CPU
		{7EBC7DF1-8425-4824-A16A-042E6A96D1E3}.Debug|Any CPU.Build.0 = Debug|Any CPU
		{7EBC7DF1-8425-4824-A16A-042E6A96D1E3}.Release|Any CPU.ActiveCfg = Release|Any CPU
		{7EBC7DF1-8425-4824-A16A-042E6A96D1E3}.Release|Any CPU.Build.0 = Release|Any CPU
	EndGlobalSection
	GlobalSection(SolutionProperties) = preSolution
		HideSolutionNode = FALSE
	EndGlobalSection
	GlobalSection(ExtensibilityGlobals) = postSolution
		SolutionGuid = {CFD43DA3-F537-4709-A387-7C461E990DA1}
	EndGlobalSection
EndGlobal
